// !$*UTF8*$!
{
	archiveVersion = 1;
	classes = {
	};
	objectVersion = 51;
	objects = {

/* Begin PBXBuildFile section */
		C00413DE2653D6380014C3D1 /* CryptoListTableViewController.swift in Sources */ = {isa = PBXBuildFile; fileRef = C00413DD2653D6380014C3D1 /* CryptoListTableViewController.swift */; };
		C004141226550CCF0014C3D1 /* CryptoData.swift in Sources */ = {isa = PBXBuildFile; fileRef = C004141126550CCF0014C3D1 /* CryptoData.swift */; };
		C004144A265662B10014C3D1 /* NetworkService .swift in Sources */ = {isa = PBXBuildFile; fileRef = C0041449265662B10014C3D1 /* NetworkService .swift */; };
		C063CF0826531CC500F264E2 /* AppDelegate.swift in Sources */ = {isa = PBXBuildFile; fileRef = C063CF0726531CC500F264E2 /* AppDelegate.swift */; };
		C063CF0A26531CC500F264E2 /* SceneDelegate.swift in Sources */ = {isa = PBXBuildFile; fileRef = C063CF0926531CC500F264E2 /* SceneDelegate.swift */; };
		C063CF0F26531CC500F264E2 /* Main.storyboard in Resources */ = {isa = PBXBuildFile; fileRef = C063CF0D26531CC500F264E2 /* Main.storyboard */; };
		C063CF1126531CC600F264E2 /* Assets.xcassets in Resources */ = {isa = PBXBuildFile; fileRef = C063CF1026531CC600F264E2 /* Assets.xcassets */; };
		C063CF1426531CC600F264E2 /* LaunchScreen.storyboard in Resources */ = {isa = PBXBuildFile; fileRef = C063CF1226531CC600F264E2 /* LaunchScreen.storyboard */; };
		C063CF1F26531CC600F264E2 /* MyCryptoAppTests.swift in Sources */ = {isa = PBXBuildFile; fileRef = C063CF1E26531CC600F264E2 /* MyCryptoAppTests.swift */; };
		DD549C13CDAF344A63FE23AD /* Pods_MyCryptoAppTests.framework in Frameworks */ = {isa = PBXBuildFile; fileRef = F680ABA3B80BDD1E47B9BEAF /* Pods_MyCryptoAppTests.framework */; };
		F8C421A54B1378264F83D136 /* Pods_MyCryptoApp.framework in Frameworks */ = {isa = PBXBuildFile; fileRef = 571C2D83576B3B509C26D6A6 /* Pods_MyCryptoApp.framework */; };
/* End PBXBuildFile section */

/* Begin PBXContainerItemProxy section */
		C063CF1B26531CC600F264E2 /* PBXContainerItemProxy */ = {
			isa = PBXContainerItemProxy;
			containerPortal = C063CEFC26531CC500F264E2 /* Project object */;
			proxyType = 1;
			remoteGlobalIDString = C063CF0326531CC500F264E2;
			remoteInfo = MyCryptoApp;
		};
		C063CF2626531CC600F264E2 /* PBXContainerItemProxy */ = {
			isa = PBXContainerItemProxy;
			containerPortal = C063CEFC26531CC500F264E2 /* Project object */;
			proxyType = 1;
			remoteGlobalIDString = C063CF0326531CC500F264E2;
			remoteInfo = MyCryptoApp;
		};
/* End PBXContainerItemProxy section */

/* Begin PBXFileReference section */
		4C38661545DAF503834037B4 /* Pods-MyCryptoAppTests.release.xcconfig */ = {isa = PBXFileReference; includeInIndex = 1; lastKnownFileType = text.xcconfig; name = "Pods-MyCryptoAppTests.release.xcconfig"; path = "Target Support Files/Pods-MyCryptoAppTests/Pods-MyCryptoAppTests.release.xcconfig"; sourceTree = "<group>"; };
		571C2D83576B3B509C26D6A6 /* Pods_MyCryptoApp.framework */ = {isa = PBXFileReference; explicitFileType = wrapper.framework; includeInIndex = 0; path = Pods_MyCryptoApp.framework; sourceTree = BUILT_PRODUCTS_DIR; };
		A0FB2E8C9A3D933F709D23FC /* Pods-MyCryptoApp.release.xcconfig */ = {isa = PBXFileReference; includeInIndex = 1; lastKnownFileType = text.xcconfig; name = "Pods-MyCryptoApp.release.xcconfig"; path = "Target Support Files/Pods-MyCryptoApp/Pods-MyCryptoApp.release.xcconfig"; sourceTree = "<group>"; };
		B0D0E34BB9A179EECA81B98A /* Pods-MyCryptoAppTests.debug.xcconfig */ = {isa = PBXFileReference; includeInIndex = 1; lastKnownFileType = text.xcconfig; name = "Pods-MyCryptoAppTests.debug.xcconfig"; path = "Target Support Files/Pods-MyCryptoAppTests/Pods-MyCryptoAppTests.debug.xcconfig"; sourceTree = "<group>"; };
		C00413DD2653D6380014C3D1 /* CryptoListTableViewController.swift */ = {isa = PBXFileReference; lastKnownFileType = sourcecode.swift; path = CryptoListTableViewController.swift; sourceTree = "<group>"; };
		C004141126550CCF0014C3D1 /* CryptoData.swift */ = {isa = PBXFileReference; lastKnownFileType = sourcecode.swift; path = CryptoData.swift; sourceTree = "<group>"; };
		C0041449265662B10014C3D1 /* NetworkService .swift */ = {isa = PBXFileReference; lastKnownFileType = sourcecode.swift; path = "NetworkService .swift"; sourceTree = "<group>"; };
		C063CF0426531CC500F264E2 /* MyCryptoApp.app */ = {isa = PBXFileReference; explicitFileType = wrapper.application; includeInIndex = 0; path = MyCryptoApp.app; sourceTree = BUILT_PRODUCTS_DIR; };
		C063CF0726531CC500F264E2 /* AppDelegate.swift */ = {isa = PBXFileReference; lastKnownFileType = sourcecode.swift; path = AppDelegate.swift; sourceTree = "<group>"; };
		C063CF0926531CC500F264E2 /* SceneDelegate.swift */ = {isa = PBXFileReference; lastKnownFileType = sourcecode.swift; path = SceneDelegate.swift; sourceTree = "<group>"; };
		C063CF0E26531CC500F264E2 /* Base */ = {isa = PBXFileReference; lastKnownFileType = file.storyboard; name = Base; path = Base.lproj/Main.storyboard; sourceTree = "<group>"; };
		C063CF1026531CC600F264E2 /* Assets.xcassets */ = {isa = PBXFileReference; lastKnownFileType = folder.assetcatalog; path = Assets.xcassets; sourceTree = "<group>"; };
		C063CF1326531CC600F264E2 /* Base */ = {isa = PBXFileReference; lastKnownFileType = file.storyboard; name = Base; path = Base.lproj/LaunchScreen.storyboard; sourceTree = "<group>"; };
		C063CF1526531CC600F264E2 /* Info.plist */ = {isa = PBXFileReference; lastKnownFileType = text.plist.xml; path = Info.plist; sourceTree = "<group>"; };
		C063CF1A26531CC600F264E2 /* MyCryptoAppTests.xctest */ = {isa = PBXFileReference; explicitFileType = wrapper.cfbundle; includeInIndex = 0; path = MyCryptoAppTests.xctest; sourceTree = BUILT_PRODUCTS_DIR; };
		C063CF1E26531CC600F264E2 /* MyCryptoAppTests.swift */ = {isa = PBXFileReference; lastKnownFileType = sourcecode.swift; path = MyCryptoAppTests.swift; sourceTree = "<group>"; };
		C063CF2026531CC600F264E2 /* Info.plist */ = {isa = PBXFileReference; lastKnownFileType = text.plist.xml; path = Info.plist; sourceTree = "<group>"; };
		C063CF2526531CC600F264E2 /* MyCryptoAppUITests.xctest */ = {isa = PBXFileReference; explicitFileType = wrapper.cfbundle; includeInIndex = 0; path = MyCryptoAppUITests.xctest; sourceTree = BUILT_PRODUCTS_DIR; };
		F6637DFC53FF8AE54707BA73 /* Pods-MyCryptoApp.debug.xcconfig */ = {isa = PBXFileReference; includeInIndex = 1; lastKnownFileType = text.xcconfig; name = "Pods-MyCryptoApp.debug.xcconfig"; path = "Target Support Files/Pods-MyCryptoApp/Pods-MyCryptoApp.debug.xcconfig"; sourceTree = "<group>"; };
		F680ABA3B80BDD1E47B9BEAF /* Pods_MyCryptoAppTests.framework */ = {isa = PBXFileReference; explicitFileType = wrapper.framework; includeInIndex = 0; path = Pods_MyCryptoAppTests.framework; sourceTree = BUILT_PRODUCTS_DIR; };
/* End PBXFileReference section */

/* Begin PBXFrameworksBuildPhase section */
		C063CF0126531CC500F264E2 /* Frameworks */ = {
			isa = PBXFrameworksBuildPhase;
			buildActionMask = 2147483647;
			files = (
				F8C421A54B1378264F83D136 /* Pods_MyCryptoApp.framework in Frameworks */,
			);
			runOnlyForDeploymentPostprocessing = 0;
		};
		C063CF1726531CC600F264E2 /* Frameworks */ = {
			isa = PBXFrameworksBuildPhase;
			buildActionMask = 2147483647;
			files = (
				DD549C13CDAF344A63FE23AD /* Pods_MyCryptoAppTests.framework in Frameworks */,
			);
			runOnlyForDeploymentPostprocessing = 0;
		};
		C063CF2226531CC600F264E2 /* Frameworks */ = {
			isa = PBXFrameworksBuildPhase;
			buildActionMask = 2147483647;
			files = (
			);
			runOnlyForDeploymentPostprocessing = 0;
		};
/* End PBXFrameworksBuildPhase section */

/* Begin PBXGroup section */
		9280E0042EF67F99EBE31316 /* Frameworks */ = {
			isa = PBXGroup;
			children = (
				571C2D83576B3B509C26D6A6 /* Pods_MyCryptoApp.framework */,
				F680ABA3B80BDD1E47B9BEAF /* Pods_MyCryptoAppTests.framework */,
			);
			name = Frameworks;
			sourceTree = "<group>";
		};
		C004141F265535CF0014C3D1 /* Networking */ = {
			isa = PBXGroup;
			children = (
				C0041449265662B10014C3D1 /* NetworkService .swift */,
			);
			path = Networking;
			sourceTree = "<group>";
		};
		C063CEFB26531CC500F264E2 = {
			isa = PBXGroup;
			children = (
				C063CF0626531CC500F264E2 /* MyCryptoApp */,
				C063CF1D26531CC600F264E2 /* MyCryptoAppTests */,
				C063CF0526531CC500F264E2 /* Products */,
				E68861F04FDF53EC45881FBA /* Pods */,
				9280E0042EF67F99EBE31316 /* Frameworks */,
			);
			sourceTree = "<group>";
		};
		C063CF0526531CC500F264E2 /* Products */ = {
			isa = PBXGroup;
			children = (
				C063CF0426531CC500F264E2 /* MyCryptoApp.app */,
				C063CF1A26531CC600F264E2 /* MyCryptoAppTests.xctest */,
				C063CF2526531CC600F264E2 /* MyCryptoAppUITests.xctest */,
			);
			name = Products;
			sourceTree = "<group>";
		};
		C063CF0626531CC500F264E2 /* MyCryptoApp */ = {
			isa = PBXGroup;
			children = (
				C00413DD2653D6380014C3D1 /* CryptoListTableViewController.swift */,
				C004141126550CCF0014C3D1 /* CryptoData.swift */,
				C004141F265535CF0014C3D1 /* Networking */,
				C063CF0726531CC500F264E2 /* AppDelegate.swift */,
				C063CF0926531CC500F264E2 /* SceneDelegate.swift */,
				C063CF0D26531CC500F264E2 /* Main.storyboard */,
				C063CF1026531CC600F264E2 /* Assets.xcassets */,
				C063CF1226531CC600F264E2 /* LaunchScreen.storyboard */,
				C063CF1526531CC600F264E2 /* Info.plist */,
			);
			path = MyCryptoApp;
			sourceTree = "<group>";
		};
		C063CF1D26531CC600F264E2 /* MyCryptoAppTests */ = {
			isa = PBXGroup;
			children = (
				C063CF1E26531CC600F264E2 /* MyCryptoAppTests.swift */,
				C063CF2026531CC600F264E2 /* Info.plist */,
			);
			path = MyCryptoAppTests;
			sourceTree = "<group>";
		};
		E68861F04FDF53EC45881FBA /* Pods */ = {
			isa = PBXGroup;
			children = (
				F6637DFC53FF8AE54707BA73 /* Pods-MyCryptoApp.debug.xcconfig */,
				A0FB2E8C9A3D933F709D23FC /* Pods-MyCryptoApp.release.xcconfig */,
				B0D0E34BB9A179EECA81B98A /* Pods-MyCryptoAppTests.debug.xcconfig */,
				4C38661545DAF503834037B4 /* Pods-MyCryptoAppTests.release.xcconfig */,
			);
			path = Pods;
			sourceTree = "<group>";
		};
/* End PBXGroup section */

/* Begin PBXNativeTarget section */
		C063CF0326531CC500F264E2 /* MyCryptoApp */ = {
			isa = PBXNativeTarget;
			buildConfigurationList = C063CF2E26531CC600F264E2 /* Build configuration list for PBXNativeTarget "MyCryptoApp" */;
			buildPhases = (
				FD4246DEBBB100D7EC565FBD /* [CP] Check Pods Manifest.lock */,
				C063CF0026531CC500F264E2 /* Sources */,
				C063CF0126531CC500F264E2 /* Frameworks */,
				C063CF0226531CC500F264E2 /* Resources */,
				CE7BB36035DA6FE0A2145AEF /* [CP] Embed Pods Frameworks */,
			);
			buildRules = (
			);
			dependencies = (
			);
			name = MyCryptoApp;
			productName = MyCryptoApp;
			productReference = C063CF0426531CC500F264E2 /* MyCryptoApp.app */;
			productType = "com.apple.product-type.application";
		};
		C063CF1926531CC600F264E2 /* MyCryptoAppTests */ = {
			isa = PBXNativeTarget;
			buildConfigurationList = C063CF3126531CC600F264E2 /* Build configuration list for PBXNativeTarget "MyCryptoAppTests" */;
			buildPhases = (
				6B98815D5D4F109D1ECB0297 /* [CP] Check Pods Manifest.lock */,
				C063CF1626531CC600F264E2 /* Sources */,
				C063CF1726531CC600F264E2 /* Frameworks */,
				C063CF1826531CC600F264E2 /* Resources */,
			);
			buildRules = (
			);
			dependencies = (
				C063CF1C26531CC600F264E2 /* PBXTargetDependency */,
			);
			name = MyCryptoAppTests;
			productName = MyCryptoAppTests;
			productReference = C063CF1A26531CC600F264E2 /* MyCryptoAppTests.xctest */;
			productType = "com.apple.product-type.bundle.unit-test";
		};
		C063CF2426531CC600F264E2 /* MyCryptoAppUITests */ = {
			isa = PBXNativeTarget;
			buildConfigurationList = C063CF3426531CC600F264E2 /* Build configuration list for PBXNativeTarget "MyCryptoAppUITests" */;
			buildPhases = (
				C063CF2126531CC600F264E2 /* Sources */,
				C063CF2226531CC600F264E2 /* Frameworks */,
				C063CF2326531CC600F264E2 /* Resources */,
			);
			buildRules = (
			);
			dependencies = (
				C063CF2726531CC600F264E2 /* PBXTargetDependency */,
			);
			name = MyCryptoAppUITests;
			productName = MyCryptoAppUITests;
			productReference = C063CF2526531CC600F264E2 /* MyCryptoAppUITests.xctest */;
			productType = "com.apple.product-type.bundle.ui-testing";
		};
/* End PBXNativeTarget section */

/* Begin PBXProject section */
		C063CEFC26531CC500F264E2 /* Project object */ = {
			isa = PBXProject;
			attributes = {
				LastSwiftUpdateCheck = 1240;
				LastUpgradeCheck = 1240;
				TargetAttributes = {
					C063CF0326531CC500F264E2 = {
						CreatedOnToolsVersion = 12.4;
					};
					C063CF1926531CC600F264E2 = {
						CreatedOnToolsVersion = 12.4;
						TestTargetID = C063CF0326531CC500F264E2;
					};
					C063CF2426531CC600F264E2 = {
						CreatedOnToolsVersion = 12.4;
						TestTargetID = C063CF0326531CC500F264E2;
					};
				};
			};
			buildConfigurationList = C063CEFF26531CC500F264E2 /* Build configuration list for PBXProject "MyCryptoApp" */;
			compatibilityVersion = "Xcode 9.3";
			developmentRegion = en;
			hasScannedForEncodings = 0;
			knownRegions = (
				en,
				Base,
			);
			mainGroup = C063CEFB26531CC500F264E2;
			productRefGroup = C063CF0526531CC500F264E2 /* Products */;
			projectDirPath = "";
			projectRoot = "";
			targets = (
				C063CF0326531CC500F264E2 /* MyCryptoApp */,
				C063CF1926531CC600F264E2 /* MyCryptoAppTests */,
				C063CF2426531CC600F264E2 /* MyCryptoAppUITests */,
			);
		};
/* End PBXProject section */

/* Begin PBXResourcesBuildPhase section */
		C063CF0226531CC500F264E2 /* Resources */ = {
			isa = PBXResourcesBuildPhase;
			buildActionMask = 2147483647;
			files = (
				C063CF1426531CC600F264E2 /* LaunchScreen.storyboard in Resources */,
				C063CF1126531CC600F264E2 /* Assets.xcassets in Resources */,
				C063CF0F26531CC500F264E2 /* Main.storyboard in Resources */,
			);
			runOnlyForDeploymentPostprocessing = 0;
		};
		C063CF1826531CC600F264E2 /* Resources */ = {
			isa = PBXResourcesBuildPhase;
			buildActionMask = 2147483647;
			files = (
			);
			runOnlyForDeploymentPostprocessing = 0;
		};
		C063CF2326531CC600F264E2 /* Resources */ = {
			isa = PBXResourcesBuildPhase;
			buildActionMask = 2147483647;
			files = (
			);
			runOnlyForDeploymentPostprocessing = 0;
		};
/* End PBXResourcesBuildPhase section */

/* Begin PBXShellScriptBuildPhase section */
		6B98815D5D4F109D1ECB0297 /* [CP] Check Pods Manifest.lock */ = {
			isa = PBXShellScriptBuildPhase;
			buildActionMask = 2147483647;
			files = (
			);
			inputFileListPaths = (
			);
			inputPaths = (
				"${PODS_PODFILE_DIR_PATH}/Podfile.lock",
				"${PODS_ROOT}/Manifest.lock",
			);
			name = "[CP] Check Pods Manifest.lock";
			outputFileListPaths = (
			);
			outputPaths = (
				"$(DERIVED_FILE_DIR)/Pods-MyCryptoAppTests-checkManifestLockResult.txt",
			);
			runOnlyForDeploymentPostprocessing = 0;
			shellPath = /bin/sh;
			shellScript = "diff \"${PODS_PODFILE_DIR_PATH}/Podfile.lock\" \"${PODS_ROOT}/Manifest.lock\" > /dev/null\nif [ $? != 0 ] ; then\n    # print error to STDERR\n    echo \"error: The sandbox is not in sync with the Podfile.lock. Run 'pod install' or update your CocoaPods installation.\" >&2\n    exit 1\nfi\n# This output is used by Xcode 'outputs' to avoid re-running this script phase.\necho \"SUCCESS\" > \"${SCRIPT_OUTPUT_FILE_0}\"\n";
			showEnvVarsInLog = 0;
		};
		CE7BB36035DA6FE0A2145AEF /* [CP] Embed Pods Frameworks */ = {
			isa = PBXShellScriptBuildPhase;
			buildActionMask = 2147483647;
			files = (
			);
			inputFileListPaths = (
				"${PODS_ROOT}/Target Support Files/Pods-MyCryptoApp/Pods-MyCryptoApp-frameworks-${CONFIGURATION}-input-files.xcfilelist",
			);
			name = "[CP] Embed Pods Frameworks";
			outputFileListPaths = (
				"${PODS_ROOT}/Target Support Files/Pods-MyCryptoApp/Pods-MyCryptoApp-frameworks-${CONFIGURATION}-output-files.xcfilelist",
			);
			runOnlyForDeploymentPostprocessing = 0;
			shellPath = /bin/sh;
			shellScript = "\"${PODS_ROOT}/Target Support Files/Pods-MyCryptoApp/Pods-MyCryptoApp-frameworks.sh\"\n";
			showEnvVarsInLog = 0;
		};
		FD4246DEBBB100D7EC565FBD /* [CP] Check Pods Manifest.lock */ = {
			isa = PBXShellScriptBuildPhase;
			buildActionMask = 2147483647;
			files = (
			);
			inputFileListPaths = (
			);
			inputPaths = (
				"${PODS_PODFILE_DIR_PATH}/Podfile.lock",
				"${PODS_ROOT}/Manifest.lock",
			);
			name = "[CP] Check Pods Manifest.lock";
			outputFileListPaths = (
			);
			outputPaths = (
				"$(DERIVED_FILE_DIR)/Pods-MyCryptoApp-checkManifestLockResult.txt",
			);
			runOnlyForDeploymentPostprocessing = 0;
			shellPath = /bin/sh;
			shellScript = "diff \"${PODS_PODFILE_DIR_PATH}/Podfile.lock\" \"${PODS_ROOT}/Manifest.lock\" > /dev/null\nif [ $? != 0 ] ; then\n    # print error to STDERR\n    echo \"error: The sandbox is not in sync with the Podfile.lock. Run 'pod install' or update your CocoaPods installation.\" >&2\n    exit 1\nfi\n# This output is used by Xcode 'outputs' to avoid re-running this script phase.\necho \"SUCCESS\" > \"${SCRIPT_OUTPUT_FILE_0}\"\n";
			showEnvVarsInLog = 0;
		};
/* End PBXShellScriptBuildPhase section */

/* Begin PBXSourcesBuildPhase section */
		C063CF0026531CC500F264E2 /* Sources */ = {
			isa = PBXSourcesBuildPhase;
			buildActionMask = 2147483647;
			files = (
				C00413DE2653D6380014C3D1 /* CryptoListTableViewController.swift in Sources */,
				C063CF0826531CC500F264E2 /* AppDelegate.swift in Sources */,
				C063CF0A26531CC500F264E2 /* SceneDelegate.swift in Sources */,
				C004141226550CCF0014C3D1 /* CryptoData.swift in Sources */,
				C004144A265662B10014C3D1 /* NetworkService .swift in Sources */,
			);
			runOnlyForDeploymentPostprocessing = 0;
		};
		C063CF1626531CC600F264E2 /* Sources */ = {
			isa = PBXSourcesBuildPhase;
			buildActionMask = 2147483647;
			files = (
				C063CF1F26531CC600F264E2 /* MyCryptoAppTests.swift in Sources */,
			);
			runOnlyForDeploymentPostprocessing = 0;
		};
		C063CF2126531CC600F264E2 /* Sources */ = {
			isa = PBXSourcesBuildPhase;
			buildActionMask = 2147483647;
			files = (
			);
			runOnlyForDeploymentPostprocessing = 0;
		};
/* End PBXSourcesBuildPhase section */

/* Begin PBXTargetDependency section */
		C063CF1C26531CC600F264E2 /* PBXTargetDependency */ = {
			isa = PBXTargetDependency;
			target = C063CF0326531CC500F264E2 /* MyCryptoApp */;
			targetProxy = C063CF1B26531CC600F264E2 /* PBXContainerItemProxy */;
		};
		C063CF2726531CC600F264E2 /* PBXTargetDependency */ = {
			isa = PBXTargetDependency;
			target = C063CF0326531CC500F264E2 /* MyCryptoApp */;
			targetProxy = C063CF2626531CC600F264E2 /* PBXContainerItemProxy */;
		};
/* End PBXTargetDependency section */

/* Begin PBXVariantGroup section */
		C063CF0D26531CC500F264E2 /* Main.storyboard */ = {
			isa = PBXVariantGroup;
			children = (
				C063CF0E26531CC500F264E2 /* Base */,
			);
			name = Main.storyboard;
			sourceTree = "<group>";
		};
		C063CF1226531CC600F264E2 /* LaunchScreen.storyboard */ = {
			isa = PBXVariantGroup;
			children = (
				C063CF1326531CC600F264E2 /* Base */,
			);
			name = LaunchScreen.storyboard;
			sourceTree = "<group>";
		};
/* End PBXVariantGroup section */

/* Begin XCBuildConfiguration section */
		C063CF2C26531CC600F264E2 /* Debug */ = {
			isa = XCBuildConfiguration;
			buildSettings = {
				ALWAYS_SEARCH_USER_PATHS = NO;
				CLANG_ANALYZER_NONNULL = YES;
				CLANG_ANALYZER_NUMBER_OBJECT_CONVERSION = YES_AGGRESSIVE;
				CLANG_CXX_LANGUAGE_STANDARD = "gnu++14";
				CLANG_CXX_LIBRARY = "libc++";
				CLANG_ENABLE_MODULES = YES;
				CLANG_ENABLE_OBJC_ARC = YES;
				CLANG_ENABLE_OBJC_WEAK = YES;
				CLANG_WARN_BLOCK_CAPTURE_AUTORELEASING = YES;
				CLANG_WARN_BOOL_CONVERSION = YES;
				CLANG_WARN_COMMA = YES;
				CLANG_WARN_CONSTANT_CONVERSION = YES;
				CLANG_WARN_DEPRECATED_OBJC_IMPLEMENTATIONS = YES;
				CLANG_WARN_DIRECT_OBJC_ISA_USAGE = YES_ERROR;
				CLANG_WARN_DOCUMENTATION_COMMENTS = YES;
				CLANG_WARN_EMPTY_BODY = YES;
				CLANG_WARN_ENUM_CONVERSION = YES;
				CLANG_WARN_INFINITE_RECURSION = YES;
				CLANG_WARN_INT_CONVERSION = YES;
				CLANG_WARN_NON_LITERAL_NULL_CONVERSION = YES;
				CLANG_WARN_OBJC_IMPLICIT_RETAIN_SELF = YES;
				CLANG_WARN_OBJC_LITERAL_CONVERSION = YES;
				CLANG_WARN_OBJC_ROOT_CLASS = YES_ERROR;
				CLANG_WARN_QUOTED_INCLUDE_IN_FRAMEWORK_HEADER = YES;
				CLANG_WARN_RANGE_LOOP_ANALYSIS = YES;
				CLANG_WARN_STRICT_PROTOTYPES = YES;
				CLANG_WARN_SUSPICIOUS_MOVE = YES;
				CLANG_WARN_UNGUARDED_AVAILABILITY = YES_AGGRESSIVE;
				CLANG_WARN_UNREACHABLE_CODE = YES;
				CLANG_WARN__DUPLICATE_METHOD_MATCH = YES;
				COPY_PHASE_STRIP = NO;
				DEBUG_INFORMATION_FORMAT = dwarf;
				ENABLE_STRICT_OBJC_MSGSEND = YES;
				ENABLE_TESTABILITY = YES;
				GCC_C_LANGUAGE_STANDARD = gnu11;
				GCC_DYNAMIC_NO_PIC = NO;
				GCC_NO_COMMON_BLOCKS = YES;
				GCC_OPTIMIZATION_LEVEL = 0;
				GCC_PREPROCESSOR_DEFINITIONS = (
					"DEBUG=1",
					"$(inherited)",
				);
				GCC_WARN_64_TO_32_BIT_CONVERSION = YES;
				GCC_WARN_ABOUT_RETURN_TYPE = YES_ERROR;
				GCC_WARN_UNDECLARED_SELECTOR = YES;
				GCC_WARN_UNINITIALIZED_AUTOS = YES_AGGRESSIVE;
				GCC_WARN_UNUSED_FUNCTION = YES;
				GCC_WARN_UNUSED_VARIABLE = YES;
				IPHONEOS_DEPLOYMENT_TARGET = 14.4;
				MTL_ENABLE_DEBUG_INFO = INCLUDE_SOURCE;
				MTL_FAST_MATH = YES;
				ONLY_ACTIVE_ARCH = YES;
				SDKROOT = iphoneos;
				SWIFT_ACTIVE_COMPILATION_CONDITIONS = DEBUG;
				SWIFT_OPTIMIZATION_LEVEL = "-Onone";
			};
			name = Debug;
		};
		C063CF2D26531CC600F264E2 /* Release */ = {
			isa = XCBuildConfiguration;
			buildSettings = {
				ALWAYS_SEARCH_USER_PATHS = NO;
				CLANG_ANALYZER_NONNULL = YES;
				CLANG_ANALYZER_NUMBER_OBJECT_CONVERSION = YES_AGGRESSIVE;
				CLANG_CXX_LANGUAGE_STANDARD = "gnu++14";
				CLANG_CXX_LIBRARY = "libc++";
				CLANG_ENABLE_MODULES = YES;
				CLANG_ENABLE_OBJC_ARC = YES;
				CLANG_ENABLE_OBJC_WEAK = YES;
				CLANG_WARN_BLOCK_CAPTURE_AUTORELEASING = YES;
				CLANG_WARN_BOOL_CONVERSION = YES;
				CLANG_WARN_COMMA = YES;
				CLANG_WARN_CONSTANT_CONVERSION = YES;
				CLANG_WARN_DEPRECATED_OBJC_IMPLEMENTATIONS = YES;
				CLANG_WARN_DIRECT_OBJC_ISA_USAGE = YES_ERROR;
				CLANG_WARN_DOCUMENTATION_COMMENTS = YES;
				CLANG_WARN_EMPTY_BODY = YES;
				CLANG_WARN_ENUM_CONVERSION = YES;
				CLANG_WARN_INFINITE_RECURSION = YES;
				CLANG_WARN_INT_CONVERSION = YES;
				CLANG_WARN_NON_LITERAL_NULL_CONVERSION = YES;
				CLANG_WARN_OBJC_IMPLICIT_RETAIN_SELF = YES;
				CLANG_WARN_OBJC_LITERAL_CONVERSION = YES;
				CLANG_WARN_OBJC_ROOT_CLASS = YES_ERROR;
				CLANG_WARN_QUOTED_INCLUDE_IN_FRAMEWORK_HEADER = YES;
				CLANG_WARN_RANGE_LOOP_ANALYSIS = YES;
				CLANG_WARN_STRICT_PROTOTYPES = YES;
				CLANG_WARN_SUSPICIOUS_MOVE = YES;
				CLANG_WARN_UNGUARDED_AVAILABILITY = YES_AGGRESSIVE;
				CLANG_WARN_UNREACHABLE_CODE = YES;
				CLANG_WARN__DUPLICATE_METHOD_MATCH = YES;
				COPY_PHASE_STRIP = NO;
				DEBUG_INFORMATION_FORMAT = "dwarf-with-dsym";
				ENABLE_NS_ASSERTIONS = NO;
				ENABLE_STRICT_OBJC_MSGSEND = YES;
				GCC_C_LANGUAGE_STANDARD = gnu11;
				GCC_NO_COMMON_BLOCKS = YES;
				GCC_WARN_64_TO_32_BIT_CONVERSION = YES;
				GCC_WARN_ABOUT_RETURN_TYPE = YES_ERROR;
				GCC_WARN_UNDECLARED_SELECTOR = YES;
				GCC_WARN_UNINITIALIZED_AUTOS = YES_AGGRESSIVE;
				GCC_WARN_UNUSED_FUNCTION = YES;
				GCC_WARN_UNUSED_VARIABLE = YES;
				IPHONEOS_DEPLOYMENT_TARGET = 14.4;
				MTL_ENABLE_DEBUG_INFO = NO;
				MTL_FAST_MATH = YES;
				SDKROOT = iphoneos;
				SWIFT_COMPILATION_MODE = wholemodule;
				SWIFT_OPTIMIZATION_LEVEL = "-O";
				VALIDATE_PRODUCT = YES;
			};
			name = Release;
		};
		C063CF2F26531CC600F264E2 /* Debug */ = {
			isa = XCBuildConfiguration;
			baseConfigurationReference = F6637DFC53FF8AE54707BA73 /* Pods-MyCryptoApp.debug.xcconfig */;
			buildSettings = {
				ASSETCATALOG_COMPILER_APPICON_NAME = AppIcon;
				ASSETCATALOG_COMPILER_GLOBAL_ACCENT_COLOR_NAME = AccentColor;
				CODE_SIGN_STYLE = Automatic;
				DEVELOPMENT_TEAM = 7DJVX6G5C8;
				INFOPLIST_FILE = MyCryptoApp/Info.plist;
				LD_RUNPATH_SEARCH_PATHS = (
					"$(inherited)",
					"@executable_path/Frameworks",
				);
				PRODUCT_BUNDLE_IDENTIFIER = "kahina.lounis-europcar.com.MyCryptoApp";
				PRODUCT_NAME = "$(TARGET_NAME)";
				SWIFT_VERSION = 5.0;
				TARGETED_DEVICE_FAMILY = "1,2";
			};
			name = Debug;
		};
		C063CF3026531CC600F264E2 /* Release */ = {
			isa = XCBuildConfiguration;
			baseConfigurationReference = A0FB2E8C9A3D933F709D23FC /* Pods-MyCryptoApp.release.xcconfig */;
			buildSettings = {
				ASSETCATALOG_COMPILER_APPICON_NAME = AppIcon;
				ASSETCATALOG_COMPILER_GLOBAL_ACCENT_COLOR_NAME = AccentColor;
				CODE_SIGN_STYLE = Automatic;
				DEVELOPMENT_TEAM = 7DJVX6G5C8;
				INFOPLIST_FILE = MyCryptoApp/Info.plist;
				LD_RUNPATH_SEARCH_PATHS = (
					"$(inherited)",
					"@executable_path/Frameworks",
				);
				PRODUCT_BUNDLE_IDENTIFIER = "kahina.lounis-europcar.com.MyCryptoApp";
				PRODUCT_NAME = "$(TARGET_NAME)";
				SWIFT_VERSION = 5.0;
				TARGETED_DEVICE_FAMILY = "1,2";
			};
			name = Release;
		};
		C063CF3226531CC600F264E2 /* Debug */ = {
			isa = XCBuildConfiguration;
			baseConfigurationReference = B0D0E34BB9A179EECA81B98A /* Pods-MyCryptoAppTests.debug.xcconfig */;
			buildSettings = {
				ALWAYS_EMBED_SWIFT_STANDARD_LIBRARIES = YES;
				BUNDLE_LOADER = "$(TEST_HOST)";
				CODE_SIGN_STYLE = Automatic;
				DEVELOPMENT_TEAM = 7DJVX6G5C8;
				INFOPLIST_FILE = MyCryptoAppTests/Info.plist;
				IPHONEOS_DEPLOYMENT_TARGET = 14.4;
				LD_RUNPATH_SEARCH_PATHS = (
					"$(inherited)",
					"@executable_path/Frameworks",
					"@loader_path/Frameworks",
				);
				PRODUCT_BUNDLE_IDENTIFIER = "kahina.lounis-europcar.com.MyCryptoAppTests";
				PRODUCT_NAME = "$(TARGET_NAME)";
				SWIFT_VERSION = 5.0;
				TARGETED_DEVICE_FAMILY = "1,2";
				TEST_HOST = "$(BUILT_PRODUCTS_DIR)/MyCryptoApp.app/MyCryptoApp";
			};
			name = Debug;
		};
		C063CF3326531CC600F264E2 /* Release */ = {
			isa = XCBuildConfiguration;
			baseConfigurationReference = 4C38661545DAF503834037B4 /* Pods-MyCryptoAppTests.release.xcconfig */;
			buildSettings = {
				ALWAYS_EMBED_SWIFT_STANDARD_LIBRARIES = YES;
				BUNDLE_LOADER = "$(TEST_HOST)";
				CODE_SIGN_STYLE = Automatic;
				DEVELOPMENT_TEAM = 7DJVX6G5C8;
				INFOPLIST_FILE = MyCryptoAppTests/Info.plist;
				IPHONEOS_DEPLOYMENT_TARGET = 14.4;
				LD_RUNPATH_SEARCH_PATHS = (
					"$(inherited)",
					"@executable_path/Frameworks",
					"@loader_path/Frameworks",
				);
				PRODUCT_BUNDLE_IDENTIFIER = "kahina.lounis-europcar.com.MyCryptoAppTests";
				PRODUCT_NAME = "$(TARGET_NAME)";
				SWIFT_VERSION = 5.0;
				TARGETED_DEVICE_FAMILY = "1,2";
				TEST_HOST = "$(BUILT_PRODUCTS_DIR)/MyCryptoApp.app/MyCryptoApp";
			};
			name = Release;
		};
		C063CF3526531CC600F264E2 /* Debug */ = {
			isa = XCBuildConfiguration;
			buildSettings = {
				ALWAYS_EMBED_SWIFT_STANDARD_LIBRARIES = YES;
				CODE_SIGN_STYLE = Automatic;
				DEVELOPMENT_TEAM = 7DJVX6G5C8;
				INFOPLIST_FILE = MyCryptoAppUITests/Info.plist;
				LD_RUNPATH_SEARCH_PATHS = (
					"$(inherited)",
					"@executable_path/Frameworks",
					"@loader_path/Frameworks",
				);
				PRODUCT_BUNDLE_IDENTIFIER = "kahina.lounis-europcar.com.MyCryptoAppUITests";
				PRODUCT_NAME = "$(TARGET_NAME)";
				SWIFT_VERSION = 5.0;
				TARGETED_DEVICE_FAMILY = "1,2";
				TEST_TARGET_NAME = MyCryptoApp;
			};
			name = Debug;
		};
		C063CF3626531CC600F264E2 /* Release */ = {
			isa = XCBuildConfiguration;
			buildSettings = {
				ALWAYS_EMBED_SWIFT_STANDARD_LIBRARIES = YES;
				CODE_SIGN_STYLE = Automatic;
				DEVELOPMENT_TEAM = 7DJVX6G5C8;
				INFOPLIST_FILE = MyCryptoAppUITests/Info.plist;
				LD_RUNPATH_SEARCH_PATHS = (
					"$(inherited)",
					"@executable_path/Frameworks",
					"@loader_path/Frameworks",
				);
				PRODUCT_BUNDLE_IDENTIFIER = "kahina.lounis-europcar.com.MyCryptoAppUITests";
				PRODUCT_NAME = "$(TARGET_NAME)";
				SWIFT_VERSION = 5.0;
				TARGETED_DEVICE_FAMILY = "1,2";
				TEST_TARGET_NAME = MyCryptoApp;
			};
			name = Release;
		};
/* End XCBuildConfiguration section */

/* Begin XCConfigurationList section */
		C063CEFF26531CC500F264E2 /* Build configuration list for PBXProject "MyCryptoApp" */ = {
			isa = XCConfigurationList;
			buildConfigurations = (
				C063CF2C26531CC600F264E2 /* Debug */,
				C063CF2D26531CC600F264E2 /* Release */,
			);
			defaultConfigurationIsVisible = 0;
			defaultConfigurationName = Release;
		};
		C063CF2E26531CC600F264E2 /* Build configuration list for PBXNativeTarget "MyCryptoApp" */ = {
			isa = XCConfigurationList;
			buildConfigurations = (
				C063CF2F26531CC600F264E2 /* Debug */,
				C063CF3026531CC600F264E2 /* Release */,
			);
			defaultConfigurationIsVisible = 0;
			defaultConfigurationName = Release;
		};
		C063CF3126531CC600F264E2 /* Build configuration list for PBXNativeTarget "MyCryptoAppTests" */ = {
			isa = XCConfigurationList;
			buildConfigurations = (
				C063CF3226531CC600F264E2 /* Debug */,
				C063CF3326531CC600F264E2 /* Release */,
			);
			defaultConfigurationIsVisible = 0;
			defaultConfigurationName = Release;
		};
		C063CF3426531CC600F264E2 /* Build configuration list for PBXNativeTarget "MyCryptoAppUITests" */ = {
			isa = XCConfigurationList;
			buildConfigurations = (
				C063CF3526531CC600F264E2 /* Debug */,
				C063CF3626531CC600F264E2 /* Release */,
			);
			defaultConfigurationIsVisible = 0;
			defaultConfigurationName = Release;
		};
/* End XCConfigurationList section */
	};
	rootObject = C063CEFC26531CC500F264E2 /* Project object */;
}
