// !$*UTF8*$!
{
	archiveVersion = 1;
	classes = {
	};
	objectVersion = 50;
	objects = {

/* Begin PBXBuildFile section */
		C063CF0826531CC500F264E2 /* AppDelegate.swift in Sources */ = {isa = PBXBuildFile; fileRef = C063CF0726531CC500F264E2 /* AppDelegate.swift */; };
		C063CF0A26531CC500F264E2 /* SceneDelegate.swift in Sources */ = {isa = PBXBuildFile; fileRef = C063CF0926531CC500F264E2 /* SceneDelegate.swift */; };
		C063CF0C26531CC500F264E2 /* ViewController.swift in Sources */ = {isa = PBXBuildFile; fileRef = C063CF0B26531CC500F264E2 /* ViewController.swift */; };
		C063CF0F26531CC500F264E2 /* Main.storyboard in Resources */ = {isa = PBXBuildFile; fileRef = C063CF0D26531CC500F264E2 /* Main.storyboard */; };
		C063CF1126531CC600F264E2 /* Assets.xcassets in Resources */ = {isa = PBXBuildFile; fileRef = C063CF1026531CC600F264E2 /* Assets.xcassets */; };
		C063CF1426531CC600F264E2 /* LaunchScreen.storyboard in Resources */ = {isa = PBXBuildFile; fileRef = C063CF1226531CC600F264E2 /* LaunchScreen.storyboard */; };
		C063CF1F26531CC600F264E2 /* MyCryptoAppTests.swift in Sources */ = {isa = PBXBuildFile; fileRef = C063CF1E26531CC600F264E2 /* MyCryptoAppTests.swift */; };
		C063CF2A26531CC600F264E2 /* MyCryptoAppUITests.swift in Sources */ = {isa = PBXBuildFile; fileRef = C063CF2926531CC600F264E2 /* MyCryptoAppUITests.swift */; };
/* End PBXBuildFile section */

/* Begin PBXContainerItemProxy section */
		C063CF1B26531CC600F264E2 /* PBXContainerItemProxy */ = {
			isa = PBXContainerItemProxy;
			containerPortal = C063CEFC26531CC500F264E2 /* Project object */;
			proxyType = 1;
			remoteGlobalIDString = C063CF0326531CC500F264E2;
			remoteInfo = MyCryptoApp;
		};
		C063CF2626531CC600F264E2 /* PBXContainerItemProxy */ = {
			isa = PBXContainerItemProxy;
			containerPortal = C063CEFC26531CC500F264E2 /* Project object */;
			proxyType = 1;
			remoteGlobalIDString = C063CF0326531CC500F264E2;
			remoteInfo = MyCryptoApp;
		};
/* End PBXContainerItemProxy section */

/* Begin PBXFileReference section */
		C063CF0426531CC500F264E2 /* MyCryptoApp.app */ = {isa = PBXFileReference; explicitFileType = wrapper.application; includeInIndex = 0; path = MyCryptoApp.app; sourceTree = BUILT_PRODUCTS_DIR; };
		C063CF0726531CC500F264E2 /* AppDelegate.swift */ = {isa = PBXFileReference; lastKnownFileType = sourcecode.swift; path = AppDelegate.swift; sourceTree = "<group>"; };
		C063CF0926531CC500F264E2 /* SceneDelegate.swift */ = {isa = PBXFileReference; lastKnownFileType = sourcecode.swift; path = SceneDelegate.swift; sourceTree = "<group>"; };
		C063CF0B26531CC500F264E2 /* ViewController.swift */ = {isa = PBXFileReference; lastKnownFileType = sourcecode.swift; path = ViewController.swift; sourceTree = "<group>"; };
		C063CF0E26531CC500F264E2 /* Base */ = {isa = PBXFileReference; lastKnownFileType = file.storyboard; name = Base; path = Base.lproj/Main.storyboard; sourceTree = "<group>"; };
		C063CF1026531CC600F264E2 /* Assets.xcassets */ = {isa = PBXFileReference; lastKnownFileType = folder.assetcatalog; path = Assets.xcassets; sourceTree = "<group>"; };
		C063CF1326531CC600F264E2 /* Base */ = {isa = PBXFileReference; lastKnownFileType = file.storyboard; name = Base; path = Base.lproj/LaunchScreen.storyboard; sourceTree = "<group>"; };
		C063CF1526531CC600F264E2 /* Info.plist */ = {isa = PBXFileReference; lastKnownFileType = text.plist.xml; path = Info.plist; sourceTree = "<group>"; };
		C063CF1A26531CC600F264E2 /* MyCryptoAppTests.xctest */ = {isa = PBXFileReference; explicitFileType = wrapper.cfbundle; includeInIndex = 0; path = MyCryptoAppTests.xctest; sourceTree = BUILT_PRODUCTS_DIR; };
		C063CF1E26531CC600F264E2 /* MyCryptoAppTests.swift */ = {isa = PBXFileReference; lastKnownFileType = sourcecode.swift; path = MyCryptoAppTests.swift; sourceTree = "<group>"; };
		C063CF2026531CC600F264E2 /* Info.plist */ = {isa = PBXFileReference; lastKnownFileType = text.plist.xml; path = Info.plist; sourceTree = "<group>"; };
		C063CF2526531CC600F264E2 /* MyCryptoAppUITests.xctest */ = {isa = PBXFileReference; explicitFileType = wrapper.cfbundle; includeInIndex = 0; path = MyCryptoAppUITests.xctest; sourceTree = BUILT_PRODUCTS_DIR; };
		C063CF2926531CC600F264E2 /* MyCryptoAppUITests.swift */ = {isa = PBXFileReference; lastKnownFileType = sourcecode.swift; path = MyCryptoAppUITests.swift; sourceTree = "<group>"; };
		C063CF2B26531CC600F264E2 /* Info.plist */ = {isa = PBXFileReference; lastKnownFileType = text.plist.xml; path = Info.plist; sourceTree = "<group>"; };
/* End PBXFileReference section */

/* Begin PBXFrameworksBuildPhase section */
		C063CF0126531CC500F264E2 /* Frameworks */ = {
			isa = PBXFrameworksBuildPhase;
			buildActionMask = 2147483647;
			files = (
			);
			runOnlyForDeploymentPostprocessing = 0;
		};
		C063CF1726531CC600F264E2 /* Frameworks */ = {
			isa = PBXFrameworksBuildPhase;
			buildActionMask = 2147483647;
			files = (
			);
			runOnlyForDeploymentPostprocessing = 0;
		};
		C063CF2226531CC600F264E2 /* Frameworks */ = {
			isa = PBXFrameworksBuildPhase;
			buildActionMask = 2147483647;
			files = (
			);
			runOnlyForDeploymentPostprocessing = 0;
		};
/* End PBXFrameworksBuildPhase section */

/* Begin PBXGroup section */
		C063CEFB26531CC500F264E2 = {
			isa = PBXGroup;
			children = (
				C063CF0626531CC500F264E2 /* MyCryptoApp */,
				C063CF1D26531CC600F264E2 /* MyCryptoAppTests */,
				C063CF2826531CC600F264E2 /* MyCryptoAppUITests */,
				C063CF0526531CC500F264E2 /* Products */,
			);
			sourceTree = "<group>";
		};
		C063CF0526531CC500F264E2 /* Products */ = {
			isa = PBXGroup;
			children = (
				C063CF0426531CC500F264E2 /* MyCryptoApp.app */,
				C063CF1A26531CC600F264E2 /* MyCryptoAppTests.xctest */,
				C063CF2526531CC600F264E2 /* MyCryptoAppUITests.xctest */,
			);
			name = Products;
			sourceTree = "<group>";
		};
		C063CF0626531CC500F264E2 /* MyCryptoApp */ = {
			isa = PBXGroup;
			children = (
				C063CF0726531CC500F264E2 /* AppDelegate.swift */,
				C063CF0926531CC500F264E2 /* SceneDelegate.swift */,
				C063CF0B26531CC500F264E2 /* ViewController.swift */,
				C063CF0D26531CC500F264E2 /* Main.storyboard */,
				C063CF1026531CC600F264E2 /* Assets.xcassets */,
				C063CF1226531CC600F264E2 /* LaunchScreen.storyboard */,
				C063CF1526531CC600F264E2 /* Info.plist */,
			);
			path = MyCryptoApp;
			sourceTree = "<group>";
		};
		C063CF1D26531CC600F264E2 /* MyCryptoAppTests */ = {
			isa = PBXGroup;
			children = (
				C063CF1E26531CC600F264E2 /* MyCryptoAppTests.swift */,
				C063CF2026531CC600F264E2 /* Info.plist */,
			);
			path = MyCryptoAppTests;
			sourceTree = "<group>";
		};
		C063CF2826531CC600F264E2 /* MyCryptoAppUITests */ = {
			isa = PBXGroup;
			children = (
				C063CF2926531CC600F264E2 /* MyCryptoAppUITests.swift */,
				C063CF2B26531CC600F264E2 /* Info.plist */,
			);
			path = MyCryptoAppUITests;
			sourceTree = "<group>";
		};
/* End PBXGroup section */

/* Begin PBXNativeTarget section */
		C063CF0326531CC500F264E2 /* MyCryptoApp */ = {
			isa = PBXNativeTarget;
			buildConfigurationList = C063CF2E26531CC600F264E2 /* Build configuration list for PBXNativeTarget "MyCryptoApp" */;
			buildPhases = (
				C063CF0026531CC500F264E2 /* Sources */,
				C063CF0126531CC500F264E2 /* Frameworks */,
				C063CF0226531CC500F264E2 /* Resources */,
			);
			buildRules = (
			);
			dependencies = (
			);
			name = MyCryptoApp;
			productName = MyCryptoApp;
			productReference = C063CF0426531CC500F264E2 /* MyCryptoApp.app */;
			productType = "com.apple.product-type.application";
		};
		C063CF1926531CC600F264E2 /* MyCryptoAppTests */ = {
			isa = PBXNativeTarget;
			buildConfigurationList = C063CF3126531CC600F264E2 /* Build configuration list for PBXNativeTarget "MyCryptoAppTests" */;
			buildPhases = (
				C063CF1626531CC600F264E2 /* Sources */,
				C063CF1726531CC600F264E2 /* Frameworks */,
				C063CF1826531CC600F264E2 /* Resources */,
			);
			buildRules = (
			);
			dependencies = (
				C063CF1C26531CC600F264E2 /* PBXTargetDependency */,
			);
			name = MyCryptoAppTests;
			productName = MyCryptoAppTests;
			productReference = C063CF1A26531CC600F264E2 /* MyCryptoAppTests.xctest */;
			productType = "com.apple.product-type.bundle.unit-test";
		};
		C063CF2426531CC600F264E2 /* MyCryptoAppUITests */ = {
			isa = PBXNativeTarget;
			buildConfigurationList = C063CF3426531CC600F264E2 /* Build configuration list for PBXNativeTarget "MyCryptoAppUITests" */;
			buildPhases = (
				C063CF2126531CC600F264E2 /* Sources */,
				C063CF2226531CC600F264E2 /* Frameworks */,
				C063CF2326531CC600F264E2 /* Resources */,
			);
			buildRules = (
			);
			dependencies = (
				C063CF2726531CC600F264E2 /* PBXTargetDependency */,
			);
			name = MyCryptoAppUITests;
			productName = MyCryptoAppUITests;
			productReference = C063CF2526531CC600F264E2 /* MyCryptoAppUITests.xctest */;
			productType = "com.apple.product-type.bundle.ui-testing";
		};
/* End PBXNativeTarget section */

/* Begin PBXProject section */
		C063CEFC26531CC500F264E2 /* Project object */ = {
			isa = PBXProject;
			attributes = {
				LastSwiftUpdateCheck = 1240;
				LastUpgradeCheck = 1240;
				TargetAttributes = {
					C063CF0326531CC500F264E2 = {
						CreatedOnToolsVersion = 12.4;
					};
					C063CF1926531CC600F264E2 = {
						CreatedOnToolsVersion = 12.4;
						TestTargetID = C063CF0326531CC500F264E2;
					};
					C063CF2426531CC600F264E2 = {
						CreatedOnToolsVersion = 12.4;
						TestTargetID = C063CF0326531CC500F264E2;
					};
				};
			};
			buildConfigurationList = C063CEFF26531CC500F264E2 /* Build configuration list for PBXProject "MyCryptoApp" */;
			compatibilityVersion = "Xcode 9.3";
			developmentRegion = en;
			hasScannedForEncodings = 0;
			knownRegions = (
				en,
				Base,
			);
			mainGroup = C063CEFB26531CC500F264E2;
			productRefGroup = C063CF0526531CC500F264E2 /* Products */;
			projectDirPath = "";
			projectRoot = "";
			targets = (
				C063CF0326531CC500F264E2 /* MyCryptoApp */,
				C063CF1926531CC600F264E2 /* MyCryptoAppTests */,
				C063CF2426531CC600F264E2 /* MyCryptoAppUITests */,
			);
		};
/* End PBXProject section */

/* Begin PBXResourcesBuildPhase section */
		C063CF0226531CC500F264E2 /* Resources */ = {
			isa = PBXResourcesBuildPhase;
			buildActionMask = 2147483647;
			files = (
				C063CF1426531CC600F264E2 /* LaunchScreen.storyboard in Resources */,
				C063CF1126531CC600F264E2 /* Assets.xcassets in Resources */,
				C063CF0F26531CC500F264E2 /* Main.storyboard in Resources */,
			);
			runOnlyForDeploymentPostprocessing = 0;
		};
		C063CF1826531CC600F264E2 /* Resources */ = {
			isa = PBXResourcesBuildPhase;
			buildActionMask = 2147483647;
			files = (
			);
			runOnlyForDeploymentPostprocessing = 0;
		};
		C063CF2326531CC600F264E2 /* Resources */ = {
			isa = PBXResourcesBuildPhase;
			buildActionMask = 2147483647;
			files = (
			);
			runOnlyForDeploymentPostprocessing = 0;
		};
/* End PBXResourcesBuildPhase section */

/* Begin PBXSourcesBuildPhase section */
		C063CF0026531CC500F264E2 /* Sources */ = {
			isa = PBXSourcesBuildPhase;
			buildActionMask = 2147483647;
			files = (
				C063CF0C26531CC500F264E2 /* ViewController.swift in Sources */,
				C063CF0826531CC500F264E2 /* AppDelegate.swift in Sources */,
				C063CF0A26531CC500F264E2 /* SceneDelegate.swift in Sources */,
			);
			runOnlyForDeploymentPostprocessing = 0;
		};
		C063CF1626531CC600F264E2 /* Sources */ = {
			isa = PBXSourcesBuildPhase;
			buildActionMask = 2147483647;
			files = (
				C063CF1F26531CC600F264E2 /* MyCryptoAppTests.swift in Sources */,
			);
			runOnlyForDeploymentPostprocessing = 0;
		};
		C063CF2126531CC600F264E2 /* Sources */ = {
			isa = PBXSourcesBuildPhase;
			buildActionMask = 2147483647;
			files = (
				C063CF2A26531CC600F264E2 /* MyCryptoAppUITests.swift in Sources */,
			);
			runOnlyForDeploymentPostprocessing = 0;
		};
/* End PBXSourcesBuildPhase section */

/* Begin PBXTargetDependency section */
		C063CF1C26531CC600F264E2 /* PBXTargetDependency */ = {
			isa = PBXTargetDependency;
			target = C063CF0326531CC500F264E2 /* MyCryptoApp */;
			targetProxy = C063CF1B26531CC600F264E2 /* PBXContainerItemProxy */;
		};
		C063CF2726531CC600F264E2 /* PBXTargetDependency */ = {
			isa = PBXTargetDependency;
			target = C063CF0326531CC500F264E2 /* MyCryptoApp */;
			targetProxy = C063CF2626531CC600F264E2 /* PBXContainerItemProxy */;
		};
/* End PBXTargetDependency section */

/* Begin PBXVariantGroup section */
		C063CF0D26531CC500F264E2 /* Main.storyboard */ = {
			isa = PBXVariantGroup;
			children = (
				C063CF0E26531CC500F264E2 /* Base */,
			);
			name = Main.storyboard;
			sourceTree = "<group>";
		};
		C063CF1226531CC600F264E2 /* LaunchScreen.storyboard */ = {
			isa = PBXVariantGroup;
			children = (
				C063CF1326531CC600F264E2 /* Base */,
			);
			name = LaunchScreen.storyboard;
			sourceTree = "<group>";
		};
/* End PBXVariantGroup section */

/* Begin XCBuildConfiguration section */
		C063CF2C26531CC600F264E2 /* Debug */ = {
			isa = XCBuildConfiguration;
			buildSettings = {
				ALWAYS_SEARCH_USER_PATHS = NO;
				CLANG_ANALYZER_NONNULL = YES;
				CLANG_ANALYZER_NUMBER_OBJECT_CONVERSION = YES_AGGRESSIVE;
				CLANG_CXX_LANGUAGE_STANDARD = "gnu++14";
				CLANG_CXX_LIBRARY = "libc++";
				CLANG_ENABLE_MODULES = YES;
				CLANG_ENABLE_OBJC_ARC = YES;
				CLANG_ENABLE_OBJC_WEAK = YES;
				CLANG_WARN_BLOCK_CAPTURE_AUTORELEASING = YES;
				CLANG_WARN_BOOL_CONVERSION = YES;
				CLANG_WARN_COMMA = YES;
				CLANG_WARN_CONSTANT_CONVERSION = YES;
				CLANG_WARN_DEPRECATED_OBJC_IMPLEMENTATIONS = YES;
				CLANG_WARN_DIRECT_OBJC_ISA_USAGE = YES_ERROR;
				CLANG_WARN_DOCUMENTATION_COMMENTS = YES;
				CLANG_WARN_EMPTY_BODY = YES;
				CLANG_WARN_ENUM_CONVERSION = YES;
				CLANG_WARN_INFINITE_RECURSION = YES;
				CLANG_WARN_INT_CONVERSION = YES;
				CLANG_WARN_NON_LITERAL_NULL_CONVERSION = YES;
				CLANG_WARN_OBJC_IMPLICIT_RETAIN_SELF = YES;
				CLANG_WARN_OBJC_LITERAL_CONVERSION = YES;
				CLANG_WARN_OBJC_ROOT_CLASS = YES_ERROR;
				CLANG_WARN_QUOTED_INCLUDE_IN_FRAMEWORK_HEADER = YES;
				CLANG_WARN_RANGE_LOOP_ANALYSIS = YES;
				CLANG_WARN_STRICT_PROTOTYPES = YES;
				CLANG_WARN_SUSPICIOUS_MOVE = YES;
				CLANG_WARN_UNGUARDED_AVAILABILITY = YES_AGGRESSIVE;
				CLANG_WARN_UNREACHABLE_CODE = YES;
				CLANG_WARN__DUPLICATE_METHOD_MATCH = YES;
				COPY_PHASE_STRIP = NO;
				DEBUG_INFORMATION_FORMAT = dwarf;
				ENABLE_STRICT_OBJC_MSGSEND = YES;
				ENABLE_TESTABILITY = YES;
				GCC_C_LANGUAGE_STANDARD = gnu11;
				GCC_DYNAMIC_NO_PIC = NO;
				GCC_NO_COMMON_BLOCKS = YES;
				GCC_OPTIMIZATION_LEVEL = 0;
				GCC_PREPROCESSOR_DEFINITIONS = (
					"DEBUG=1",
					"$(inherited)",
				);
				GCC_WARN_64_TO_32_BIT_CONVERSION = YES;
				GCC_WARN_ABOUT_RETURN_TYPE = YES_ERROR;
				GCC_WARN_UNDECLARED_SELECTOR = YES;
				GCC_WARN_UNINITIALIZED_AUTOS = YES_AGGRESSIVE;
				GCC_WARN_UNUSED_FUNCTION = YES;
				GCC_WARN_UNUSED_VARIABLE = YES;
				IPHONEOS_DEPLOYMENT_TARGET = 14.4;
				MTL_ENABLE_DEBUG_INFO = INCLUDE_SOURCE;
				MTL_FAST_MATH = YES;
				ONLY_ACTIVE_ARCH = YES;
				SDKROOT = iphoneos;
				SWIFT_ACTIVE_COMPILATION_CONDITIONS = DEBUG;
				SWIFT_OPTIMIZATION_LEVEL = "-Onone";
			};
			name = Debug;
		};
		C063CF2D26531CC600F264E2 /* Release */ = {
			isa = XCBuildConfiguration;
			buildSettings = {
				ALWAYS_SEARCH_USER_PATHS = NO;
				CLANG_ANALYZER_NONNULL = YES;
				CLANG_ANALYZER_NUMBER_OBJECT_CONVERSION = YES_AGGRESSIVE;
				CLANG_CXX_LANGUAGE_STANDARD = "gnu++14";
				CLANG_CXX_LIBRARY = "libc++";
				CLANG_ENABLE_MODULES = YES;
				CLANG_ENABLE_OBJC_ARC = YES;
				CLANG_ENABLE_OBJC_WEAK = YES;
				CLANG_WARN_BLOCK_CAPTURE_AUTORELEASING = YES;
				CLANG_WARN_BOOL_CONVERSION = YES;
				CLANG_WARN_COMMA = YES;
				CLANG_WARN_CONSTANT_CONVERSION = YES;
				CLANG_WARN_DEPRECATED_OBJC_IMPLEMENTATIONS = YES;
				CLANG_WARN_DIRECT_OBJC_ISA_USAGE = YES_ERROR;
				CLANG_WARN_DOCUMENTATION_COMMENTS = YES;
				CLANG_WARN_EMPTY_BODY = YES;
				CLANG_WARN_ENUM_CONVERSION = YES;
				CLANG_WARN_INFINITE_RECURSION = YES;
				CLANG_WARN_INT_CONVERSION = YES;
				CLANG_WARN_NON_LITERAL_NULL_CONVERSION = YES;
				CLANG_WARN_OBJC_IMPLICIT_RETAIN_SELF = YES;
				CLANG_WARN_OBJC_LITERAL_CONVERSION = YES;
				CLANG_WARN_OBJC_ROOT_CLASS = YES_ERROR;
				CLANG_WARN_QUOTED_INCLUDE_IN_FRAMEWORK_HEADER = YES;
				CLANG_WARN_RANGE_LOOP_ANALYSIS = YES;
				CLANG_WARN_STRICT_PROTOTYPES = YES;
				CLANG_WARN_SUSPICIOUS_MOVE = YES;
				CLANG_WARN_UNGUARDED_AVAILABILITY = YES_AGGRESSIVE;
				CLANG_WARN_UNREACHABLE_CODE = YES;
				CLANG_WARN__DUPLICATE_METHOD_MATCH = YES;
				COPY_PHASE_STRIP = NO;
				DEBUG_INFORMATION_FORMAT = "dwarf-with-dsym";
				ENABLE_NS_ASSERTIONS = NO;
				ENABLE_STRICT_OBJC_MSGSEND = YES;
				GCC_C_LANGUAGE_STANDARD = gnu11;
				GCC_NO_COMMON_BLOCKS = YES;
				GCC_WARN_64_TO_32_BIT_CONVERSION = YES;
				GCC_WARN_ABOUT_RETURN_TYPE = YES_ERROR;
				GCC_WARN_UNDECLARED_SELECTOR = YES;
				GCC_WARN_UNINITIALIZED_AUTOS = YES_AGGRESSIVE;
				GCC_WARN_UNUSED_FUNCTION = YES;
				GCC_WARN_UNUSED_VARIABLE = YES;
				IPHONEOS_DEPLOYMENT_TARGET = 14.4;
				MTL_ENABLE_DEBUG_INFO = NO;
				MTL_FAST_MATH = YES;
				SDKROOT = iphoneos;
				SWIFT_COMPILATION_MODE = wholemodule;
				SWIFT_OPTIMIZATION_LEVEL = "-O";
				VALIDATE_PRODUCT = YES;
			};
			name = Release;
		};
		C063CF2F26531CC600F264E2 /* Debug */ = {
			isa = XCBuildConfiguration;
			buildSettings = {
				ASSETCATALOG_COMPILER_APPICON_NAME = AppIcon;
				ASSETCATALOG_COMPILER_GLOBAL_ACCENT_COLOR_NAME = AccentColor;
				CODE_SIGN_STYLE = Automatic;
				DEVELOPMENT_TEAM = 7DJVX6G5C8;
				INFOPLIST_FILE = MyCryptoApp/Info.plist;
				LD_RUNPATH_SEARCH_PATHS = (
					"$(inherited)",
					"@executable_path/Frameworks",
				);
				PRODUCT_BUNDLE_IDENTIFIER = "kahina.lounis-europcar.com.MyCryptoApp";
				PRODUCT_NAME = "$(TARGET_NAME)";
				SWIFT_VERSION = 5.0;
				TARGETED_DEVICE_FAMILY = "1,2";
			};
			name = Debug;
		};
		C063CF3026531CC600F264E2 /* Release */ = {
			isa = XCBuildConfiguration;
			buildSettings = {
				ASSETCATALOG_COMPILER_APPICON_NAME = AppIcon;
				ASSETCATALOG_COMPILER_GLOBAL_ACCENT_COLOR_NAME = AccentColor;
				CODE_SIGN_STYLE = Automatic;
				DEVELOPMENT_TEAM = 7DJVX6G5C8;
				INFOPLIST_FILE = MyCryptoApp/Info.plist;
				LD_RUNPATH_SEARCH_PATHS = (
					"$(inherited)",
					"@executable_path/Frameworks",
				);
				PRODUCT_BUNDLE_IDENTIFIER = "kahina.lounis-europcar.com.MyCryptoApp";
				PRODUCT_NAME = "$(TARGET_NAME)";
				SWIFT_VERSION = 5.0;
				TARGETED_DEVICE_FAMILY = "1,2";
			};
			name = Release;
		};
		C063CF3226531CC600F264E2 /* Debug */ = {
			isa = XCBuildConfiguration;
			buildSettings = {
				ALWAYS_EMBED_SWIFT_STANDARD_LIBRARIES = YES;
				BUNDLE_LOADER = "$(TEST_HOST)";
				CODE_SIGN_STYLE = Automatic;
				DEVELOPMENT_TEAM = 7DJVX6G5C8;
				INFOPLIST_FILE = MyCryptoAppTests/Info.plist;
				IPHONEOS_DEPLOYMENT_TARGET = 14.4;
				LD_RUNPATH_SEARCH_PATHS = (
					"$(inherited)",
					"@executable_path/Frameworks",
					"@loader_path/Frameworks",
				);
				PRODUCT_BUNDLE_IDENTIFIER = "kahina.lounis-europcar.com.MyCryptoAppTests";
				PRODUCT_NAME = "$(TARGET_NAME)";
				SWIFT_VERSION = 5.0;
				TARGETED_DEVICE_FAMILY = "1,2";
				TEST_HOST = "$(BUILT_PRODUCTS_DIR)/MyCryptoApp.app/MyCryptoApp";
			};
			name = Debug;
		};
		C063CF3326531CC600F264E2 /* Release */ = {
			isa = XCBuildConfiguration;
			buildSettings = {
				ALWAYS_EMBED_SWIFT_STANDARD_LIBRARIES = YES;
				BUNDLE_LOADER = "$(TEST_HOST)";
				CODE_SIGN_STYLE = Automatic;
				DEVELOPMENT_TEAM = 7DJVX6G5C8;
				INFOPLIST_FILE = MyCryptoAppTests/Info.plist;
				IPHONEOS_DEPLOYMENT_TARGET = 14.4;
				LD_RUNPATH_SEARCH_PATHS = (
					"$(inherited)",
					"@executable_path/Frameworks",
					"@loader_path/Frameworks",
				);
				PRODUCT_BUNDLE_IDENTIFIER = "kahina.lounis-europcar.com.MyCryptoAppTests";
				PRODUCT_NAME = "$(TARGET_NAME)";
				SWIFT_VERSION = 5.0;
				TARGETED_DEVICE_FAMILY = "1,2";
				TEST_HOST = "$(BUILT_PRODUCTS_DIR)/MyCryptoApp.app/MyCryptoApp";
			};
			name = Release;
		};
		C063CF3526531CC600F264E2 /* Debug */ = {
			isa = XCBuildConfiguration;
			buildSettings = {
				ALWAYS_EMBED_SWIFT_STANDARD_LIBRARIES = YES;
				CODE_SIGN_STYLE = Automatic;
				DEVELOPMENT_TEAM = 7DJVX6G5C8;
				INFOPLIST_FILE = MyCryptoAppUITests/Info.plist;
				LD_RUNPATH_SEARCH_PATHS = (
					"$(inherited)",
					"@executable_path/Frameworks",
					"@loader_path/Frameworks",
				);
				PRODUCT_BUNDLE_IDENTIFIER = "kahina.lounis-europcar.com.MyCryptoAppUITests";
				PRODUCT_NAME = "$(TARGET_NAME)";
				SWIFT_VERSION = 5.0;
				TARGETED_DEVICE_FAMILY = "1,2";
				TEST_TARGET_NAME = MyCryptoApp;
			};
			name = Debug;
		};
		C063CF3626531CC600F264E2 /* Release */ = {
			isa = XCBuildConfiguration;
			buildSettings = {
				ALWAYS_EMBED_SWIFT_STANDARD_LIBRARIES = YES;
				CODE_SIGN_STYLE = Automatic;
				DEVELOPMENT_TEAM = 7DJVX6G5C8;
				INFOPLIST_FILE = MyCryptoAppUITests/Info.plist;
				LD_RUNPATH_SEARCH_PATHS = (
					"$(inherited)",
					"@executable_path/Frameworks",
					"@loader_path/Frameworks",
				);
				PRODUCT_BUNDLE_IDENTIFIER = "kahina.lounis-europcar.com.MyCryptoAppUITests";
				PRODUCT_NAME = "$(TARGET_NAME)";
				SWIFT_VERSION = 5.0;
				TARGETED_DEVICE_FAMILY = "1,2";
				TEST_TARGET_NAME = MyCryptoApp;
			};
			name = Release;
		};
/* End XCBuildConfiguration section */

/* Begin XCConfigurationList section */
		C063CEFF26531CC500F264E2 /* Build configuration list for PBXProject "MyCryptoApp" */ = {
			isa = XCConfigurationList;
			buildConfigurations = (
				C063CF2C26531CC600F264E2 /* Debug */,
				C063CF2D26531CC600F264E2 /* Release */,
			);
			defaultConfigurationIsVisible = 0;
			defaultConfigurationName = Release;
		};
		C063CF2E26531CC600F264E2 /* Build configuration list for PBXNativeTarget "MyCryptoApp" */ = {
			isa = XCConfigurationList;
			buildConfigurations = (
				C063CF2F26531CC600F264E2 /* Debug */,
				C063CF3026531CC600F264E2 /* Release */,
			);
			defaultConfigurationIsVisible = 0;
			defaultConfigurationName = Release;
		};
		C063CF3126531CC600F264E2 /* Build configuration list for PBXNativeTarget "MyCryptoAppTests" */ = {
			isa = XCConfigurationList;
			buildConfigurations = (
				C063CF3226531CC600F264E2 /* Debug */,
				C063CF3326531CC600F264E2 /* Release */,
			);
			defaultConfigurationIsVisible = 0;
			defaultConfigurationName = Release;
		};
		C063CF3426531CC600F264E2 /* Build configuration list for PBXNativeTarget "MyCryptoAppUITests" */ = {
			isa = XCConfigurationList;
			buildConfigurations = (
				C063CF3526531CC600F264E2 /* Debug */,
				C063CF3626531CC600F264E2 /* Release */,
			);
			defaultConfigurationIsVisible = 0;
			defaultConfigurationName = Release;
		};
/* End XCConfigurationList section */
	};
	rootObject = C063CEFC26531CC500F264E2 /* Project object */;
}
